
Microsoft Visual Studio Solution File, Format Version 12.00
# Visual Studio Version 17
VisualStudioVersion = 17.6.33829.357
MinimumVisualStudioVersion = 10.0.40219.1
Project("{9A19103F-16F7-4668-BE54-9A1E7A4F7556}") = "KafkaConsumer", "KafkaConsumer\KafkaConsumer.csproj", "{6A6A6088-4AA6-473E-880C-D97922958B54}"
EndProject
Project("{FAE04EC0-301F-11D3-BF4B-00C04F79EFBC}") = "KafkaProducer", "KafkaProducer\KafkaProducer.csproj", "{24F67252-7EEA-4A83-86D3-75222E93CAE0}"
EndProject
Project("{FAE04EC0-301F-11D3-BF4B-00C04F79EFBC}") = "KafkaWebAPI", "KafkaWebAPI\KafkaWebAPI.csproj", "{1F8D295E-002C-4DED-A955-F5FEDD9B3C58}"
EndProject
Global
	GlobalSection(SolutionConfigurationPlatforms) = preSolution
		Debug|Any CPU = Debug|Any CPU
		Release|Any CPU = Release|Any CPU
	EndGlobalSection
	GlobalSection(ProjectConfigurationPlatforms) = postSolution
		{6A6A6088-4AA6-473E-880C-D97922958B54}.Debug|Any CPU.ActiveCfg = Debug|Any CPU
		{6A6A6088-4AA6-473E-880C-D97922958B54}.Debug|Any CPU.Build.0 = Debug|Any CPU
		{6A6A6088-4AA6-473E-880C-D97922958B54}.Release|Any CPU.ActiveCfg = Release|Any CPU
		{6A6A6088-4AA6-473E-880C-D97922958B54}.Release|Any CPU.Build.0 = Release|Any CPU
		{24F67252-7EEA-4A83-86D3-75222E93CAE0}.Debug|Any CPU.ActiveCfg = Debug|Any CPU
		{24F67252-7EEA-4A83-86D3-75222E93CAE0}.Debug|Any CPU.Build.0 = Debug|Any CPU
		{24F67252-7EEA-4A83-86D3-75222E93CAE0}.Release|Any CPU.ActiveCfg = Release|Any CPU
		{24F67252-7EEA-4A83-86D3-75222E93CAE0}.Release|Any CPU.Build.0 = Release|Any CPU
		{1F8D295E-002C-4DED-A955-F5FEDD9B3C58}.Debug|Any CPU.ActiveCfg = Debug|Any CPU
		{1F8D295E-002C-4DED-A955-F5FEDD9B3C58}.Debug|Any CPU.Build.0 = Debug|Any CPU
		{1F8D295E-002C-4DED-A955-F5FEDD9B3C58}.Release|Any CPU.ActiveCfg = Release|Any CPU
		{1F8D295E-002C-4DED-A955-F5FEDD9B3C58}.Release|Any CPU.Build.0 = Release|Any CPU
	EndGlobalSection
	GlobalSection(SolutionProperties) = preSolution
		HideSolutionNode = FALSE
	EndGlobalSection
	GlobalSection(ExtensibilityGlobals) = postSolution
		SolutionGuid = {A222EC42-515A-4D14-BE49-B9E09565E0AC}
	EndGlobalSection
EndGlobal
